// !$*UTF8*$!
{
	archiveVersion = 1;
	classes = {
	};
	objectVersion = 56;
	objects = {

/* Begin PBXBuildFile section */
		801092CC2AA6A66800F38399 /* polvilho.swift in Sources */ = {isa = PBXBuildFile; fileRef = 801092CB2AA6A66800F38399 /* polvilho.swift */; };
		801092D32AA6AFE000F38399 /* chrome.swift in Sources */ = {isa = PBXBuildFile; fileRef = 801092D22AA6AFE000F38399 /* chrome.swift */; };
		8048C40C2AA8463000DB03E8 /* ArgumentParser in Frameworks */ = {isa = PBXBuildFile; productRef = 8048C40B2AA8463000DB03E8 /* ArgumentParser */; };
		8048C40E2AA8463000DB03E8 /* generate-manual in Frameworks */ = {isa = PBXBuildFile; productRef = 8048C40D2AA8463000DB03E8 /* generate-manual */; };
		806942DD2AAE2A2B00B307E1 /* electronjs.swift in Sources */ = {isa = PBXBuildFile; fileRef = 806942DC2AAE2A2B00B307E1 /* electronjs.swift */; };
		80934BD62AC922D10039811F /* cookie mgmt.swift in Sources */ = {isa = PBXBuildFile; fileRef = 80934BD52AC922D10039811F /* cookie mgmt.swift */; };
		80934BD82AC938950039811F /* safari.swift in Sources */ = {isa = PBXBuildFile; fileRef = 80934BD72AC938950039811F /* safari.swift */; };
		809BFF9C2AE703DA009DF7EA /* safari backend.swift in Sources */ = {isa = PBXBuildFile; fileRef = 809BFF9B2AE703DA009DF7EA /* safari backend.swift */; };
/* End PBXBuildFile section */

/* Begin PBXCopyFilesBuildPhase section */
		801092C62AA6A66800F38399 /* CopyFiles */ = {
			isa = PBXCopyFilesBuildPhase;
			buildActionMask = 2147483647;
			dstPath = /usr/share/man/man1/;
			dstSubfolderSpec = 0;
			files = (
			);
			runOnlyForDeploymentPostprocessing = 1;
		};
/* End PBXCopyFilesBuildPhase section */

/* Begin PBXFileReference section */
		801092C82AA6A66800F38399 /* polvilho */ = {isa = PBXFileReference; explicitFileType = "compiled.mach-o.executable"; includeInIndex = 0; path = polvilho; sourceTree = BUILT_PRODUCTS_DIR; };
		801092CB2AA6A66800F38399 /* polvilho.swift */ = {isa = PBXFileReference; lastKnownFileType = sourcecode.swift; path = polvilho.swift; sourceTree = "<group>"; };
		801092D22AA6AFE000F38399 /* chrome.swift */ = {isa = PBXFileReference; lastKnownFileType = sourcecode.swift; path = chrome.swift; sourceTree = "<group>"; };
		801092D82AA6B44200F38399 /* chrome tests.xctest */ = {isa = PBXFileReference; explicitFileType = wrapper.cfbundle; includeInIndex = 0; path = "chrome tests.xctest"; sourceTree = BUILT_PRODUCTS_DIR; };
		806942DC2AAE2A2B00B307E1 /* electronjs.swift */ = {isa = PBXFileReference; lastKnownFileType = sourcecode.swift; path = electronjs.swift; sourceTree = "<group>"; };
		80934BD52AC922D10039811F /* cookie mgmt.swift */ = {isa = PBXFileReference; lastKnownFileType = sourcecode.swift; path = "cookie mgmt.swift"; sourceTree = "<group>"; };
		80934BD72AC938950039811F /* safari.swift */ = {isa = PBXFileReference; lastKnownFileType = sourcecode.swift; path = safari.swift; sourceTree = "<group>"; };
		809BFF9B2AE703DA009DF7EA /* safari backend.swift */ = {isa = PBXFileReference; lastKnownFileType = sourcecode.swift; path = "safari backend.swift"; sourceTree = "<group>"; };
/* End PBXFileReference section */

/* Begin PBXFrameworksBuildPhase section */
		801092C52AA6A66800F38399 /* Frameworks */ = {
			isa = PBXFrameworksBuildPhase;
			buildActionMask = 2147483647;
			files = (
				8048C40C2AA8463000DB03E8 /* ArgumentParser in Frameworks */,
				8048C40E2AA8463000DB03E8 /* generate-manual in Frameworks */,
			);
			runOnlyForDeploymentPostprocessing = 0;
		};
		801092D52AA6B44200F38399 /* Frameworks */ = {
			isa = PBXFrameworksBuildPhase;
			buildActionMask = 2147483647;
			files = (
			);
			runOnlyForDeploymentPostprocessing = 0;
		};
/* End PBXFrameworksBuildPhase section */

/* Begin PBXGroup section */
		801092BF2AA6A66800F38399 = {
			isa = PBXGroup;
			children = (
				801092CA2AA6A66800F38399 /* polvilho */,
				801092C92AA6A66800F38399 /* Products */,
			);
			sourceTree = "<group>";
		};
		801092C92AA6A66800F38399 /* Products */ = {
			isa = PBXGroup;
			children = (
				801092C82AA6A66800F38399 /* polvilho */,
				801092D82AA6B44200F38399 /* chrome tests.xctest */,
			);
			name = Products;
			sourceTree = "<group>";
		};
		801092CA2AA6A66800F38399 /* polvilho */ = {
			isa = PBXGroup;
			children = (
				801092CB2AA6A66800F38399 /* polvilho.swift */,
				80934BD52AC922D10039811F /* cookie mgmt.swift */,
				801092D22AA6AFE000F38399 /* chrome.swift */,
				80934BD72AC938950039811F /* safari.swift */,
				806942DC2AAE2A2B00B307E1 /* electronjs.swift */,
				809BFF9B2AE703DA009DF7EA /* safari backend.swift */,
			);
			path = polvilho;
			sourceTree = "<group>";
		};
/* End PBXGroup section */

/* Begin PBXNativeTarget section */
		801092C72AA6A66800F38399 /* polvilho */ = {
			isa = PBXNativeTarget;
			buildConfigurationList = 801092CF2AA6A66800F38399 /* Build configuration list for PBXNativeTarget "polvilho" */;
			buildPhases = (
				801092C42AA6A66800F38399 /* Sources */,
				801092C52AA6A66800F38399 /* Frameworks */,
				801092C62AA6A66800F38399 /* CopyFiles */,
			);
			buildRules = (
			);
			dependencies = (
			);
			name = polvilho;
			packageProductDependencies = (
				8048C40B2AA8463000DB03E8 /* ArgumentParser */,
				8048C40D2AA8463000DB03E8 /* generate-manual */,
			);
			productName = polvilho;
			productReference = 801092C82AA6A66800F38399 /* polvilho */;
			productType = "com.apple.product-type.tool";
		};
		801092D72AA6B44200F38399 /* chrome tests */ = {
			isa = PBXNativeTarget;
			buildConfigurationList = 801092DC2AA6B44200F38399 /* Build configuration list for PBXNativeTarget "chrome tests" */;
			buildPhases = (
				801092D42AA6B44200F38399 /* Sources */,
				801092D52AA6B44200F38399 /* Frameworks */,
				801092D62AA6B44200F38399 /* Resources */,
			);
			buildRules = (
			);
			dependencies = (
			);
			name = "chrome tests";
			productName = "chrome tests";
			productReference = 801092D82AA6B44200F38399 /* chrome tests.xctest */;
			productType = "com.apple.product-type.bundle.unit-test";
		};
/* End PBXNativeTarget section */

/* Begin PBXProject section */
		801092C02AA6A66800F38399 /* Project object */ = {
			isa = PBXProject;
			attributes = {
				BuildIndependentTargetsInParallel = 1;
				LastSwiftUpdateCheck = 1430;
				LastUpgradeCheck = 1430;
				TargetAttributes = {
					801092C72AA6A66800F38399 = {
						CreatedOnToolsVersion = 14.3.1;
					};
					801092D72AA6B44200F38399 = {
						CreatedOnToolsVersion = 14.3.1;
					};
				};
			};
			buildConfigurationList = 801092C32AA6A66800F38399 /* Build configuration list for PBXProject "polvilho" */;
			compatibilityVersion = "Xcode 14.0";
			developmentRegion = en;
			hasScannedForEncodings = 0;
			knownRegions = (
				en,
				Base,
			);
			mainGroup = 801092BF2AA6A66800F38399;
			packageReferences = (
				8048C40A2AA8463000DB03E8 /* XCRemoteSwiftPackageReference "swift-argument-parser" */,
			);
			productRefGroup = 801092C92AA6A66800F38399 /* Products */;
			projectDirPath = "";
			projectRoot = "";
			targets = (
				801092C72AA6A66800F38399 /* polvilho */,
				801092D72AA6B44200F38399 /* chrome tests */,
			);
		};
/* End PBXProject section */

/* Begin PBXResourcesBuildPhase section */
		801092D62AA6B44200F38399 /* Resources */ = {
			isa = PBXResourcesBuildPhase;
			buildActionMask = 2147483647;
			files = (
			);
			runOnlyForDeploymentPostprocessing = 0;
		};
/* End PBXResourcesBuildPhase section */

/* Begin PBXSourcesBuildPhase section */
		801092C42AA6A66800F38399 /* Sources */ = {
			isa = PBXSourcesBuildPhase;
			buildActionMask = 2147483647;
			files = (
				80934BD82AC938950039811F /* safari.swift in Sources */,
				806942DD2AAE2A2B00B307E1 /* electronjs.swift in Sources */,
				801092CC2AA6A66800F38399 /* polvilho.swift in Sources */,
				809BFF9C2AE703DA009DF7EA /* safari backend.swift in Sources */,
				80934BD62AC922D10039811F /* cookie mgmt.swift in Sources */,
				801092D32AA6AFE000F38399 /* chrome.swift in Sources */,
			);
			runOnlyForDeploymentPostprocessing = 0;
		};
		801092D42AA6B44200F38399 /* Sources */ = {
			isa = PBXSourcesBuildPhase;
			buildActionMask = 2147483647;
			files = (
			);
			runOnlyForDeploymentPostprocessing = 0;
		};
/* End PBXSourcesBuildPhase section */

/* Begin XCBuildConfiguration section */
		801092CD2AA6A66800F38399 /* Debug */ = {
			isa = XCBuildConfiguration;
			buildSettings = {
				ALWAYS_SEARCH_USER_PATHS = NO;
				CLANG_ANALYZER_NONNULL = YES;
				CLANG_ANALYZER_NUMBER_OBJECT_CONVERSION = YES_AGGRESSIVE;
				CLANG_CXX_LANGUAGE_STANDARD = "gnu++20";
				CLANG_ENABLE_MODULES = YES;
				CLANG_ENABLE_OBJC_ARC = YES;
				CLANG_ENABLE_OBJC_WEAK = YES;
				CLANG_WARN_BLOCK_CAPTURE_AUTORELEASING = YES;
				CLANG_WARN_BOOL_CONVERSION = YES;
				CLANG_WARN_COMMA = YES;
				CLANG_WARN_CONSTANT_CONVERSION = YES;
				CLANG_WARN_DEPRECATED_OBJC_IMPLEMENTATIONS = YES;
				CLANG_WARN_DIRECT_OBJC_ISA_USAGE = YES_ERROR;
				CLANG_WARN_DOCUMENTATION_COMMENTS = YES;
				CLANG_WARN_EMPTY_BODY = YES;
				CLANG_WARN_ENUM_CONVERSION = YES;
				CLANG_WARN_INFINITE_RECURSION = YES;
				CLANG_WARN_INT_CONVERSION = YES;
				CLANG_WARN_NON_LITERAL_NULL_CONVERSION = YES;
				CLANG_WARN_OBJC_IMPLICIT_RETAIN_SELF = YES;
				CLANG_WARN_OBJC_LITERAL_CONVERSION = YES;
				CLANG_WARN_OBJC_ROOT_CLASS = YES_ERROR;
				CLANG_WARN_QUOTED_INCLUDE_IN_FRAMEWORK_HEADER = YES;
				CLANG_WARN_RANGE_LOOP_ANALYSIS = YES;
				CLANG_WARN_STRICT_PROTOTYPES = YES;
				CLANG_WARN_SUSPICIOUS_MOVE = YES;
				CLANG_WARN_UNGUARDED_AVAILABILITY = YES_AGGRESSIVE;
				CLANG_WARN_UNREACHABLE_CODE = YES;
				CLANG_WARN__DUPLICATE_METHOD_MATCH = YES;
				COPY_PHASE_STRIP = NO;
				DEBUG_INFORMATION_FORMAT = dwarf;
				ENABLE_STRICT_OBJC_MSGSEND = YES;
				ENABLE_TESTABILITY = YES;
				GCC_C_LANGUAGE_STANDARD = gnu11;
				GCC_DYNAMIC_NO_PIC = NO;
				GCC_NO_COMMON_BLOCKS = YES;
				GCC_OPTIMIZATION_LEVEL = 0;
				GCC_PREPROCESSOR_DEFINITIONS = (
					"DEBUG=1",
					"$(inherited)",
				);
				GCC_WARN_64_TO_32_BIT_CONVERSION = YES;
				GCC_WARN_ABOUT_RETURN_TYPE = YES_ERROR;
				GCC_WARN_UNDECLARED_SELECTOR = YES;
				GCC_WARN_UNINITIALIZED_AUTOS = YES_AGGRESSIVE;
				GCC_WARN_UNUSED_FUNCTION = YES;
				GCC_WARN_UNUSED_VARIABLE = YES;
				MACOSX_DEPLOYMENT_TARGET = 13.3;
				MTL_ENABLE_DEBUG_INFO = INCLUDE_SOURCE;
				MTL_FAST_MATH = YES;
				ONLY_ACTIVE_ARCH = YES;
				SDKROOT = macosx;
				SWIFT_ACTIVE_COMPILATION_CONDITIONS = DEBUG;
				SWIFT_OPTIMIZATION_LEVEL = "-Onone";
			};
			name = Debug;
		};
		801092CE2AA6A66800F38399 /* Release */ = {
			isa = XCBuildConfiguration;
			buildSettings = {
				ALWAYS_SEARCH_USER_PATHS = NO;
				CLANG_ANALYZER_NONNULL = YES;
				CLANG_ANALYZER_NUMBER_OBJECT_CONVERSION = YES_AGGRESSIVE;
				CLANG_CXX_LANGUAGE_STANDARD = "gnu++20";
				CLANG_ENABLE_MODULES = YES;
				CLANG_ENABLE_OBJC_ARC = YES;
				CLANG_ENABLE_OBJC_WEAK = YES;
				CLANG_WARN_BLOCK_CAPTURE_AUTORELEASING = YES;
				CLANG_WARN_BOOL_CONVERSION = YES;
				CLANG_WARN_COMMA = YES;
				CLANG_WARN_CONSTANT_CONVERSION = YES;
				CLANG_WARN_DEPRECATED_OBJC_IMPLEMENTATIONS = YES;
				CLANG_WARN_DIRECT_OBJC_ISA_USAGE = YES_ERROR;
				CLANG_WARN_DOCUMENTATION_COMMENTS = YES;
				CLANG_WARN_EMPTY_BODY = YES;
				CLANG_WARN_ENUM_CONVERSION = YES;
				CLANG_WARN_INFINITE_RECURSION = YES;
				CLANG_WARN_INT_CONVERSION = YES;
				CLANG_WARN_NON_LITERAL_NULL_CONVERSION = YES;
				CLANG_WARN_OBJC_IMPLICIT_RETAIN_SELF = YES;
				CLANG_WARN_OBJC_LITERAL_CONVERSION = YES;
				CLANG_WARN_OBJC_ROOT_CLASS = YES_ERROR;
				CLANG_WARN_QUOTED_INCLUDE_IN_FRAMEWORK_HEADER = YES;
				CLANG_WARN_RANGE_LOOP_ANALYSIS = YES;
				CLANG_WARN_STRICT_PROTOTYPES = YES;
				CLANG_WARN_SUSPICIOUS_MOVE = YES;
				CLANG_WARN_UNGUARDED_AVAILABILITY = YES_AGGRESSIVE;
				CLANG_WARN_UNREACHABLE_CODE = YES;
				CLANG_WARN__DUPLICATE_METHOD_MATCH = YES;
				COPY_PHASE_STRIP = NO;
				DEBUG_INFORMATION_FORMAT = "dwarf-with-dsym";
				ENABLE_NS_ASSERTIONS = NO;
				ENABLE_STRICT_OBJC_MSGSEND = YES;
				GCC_C_LANGUAGE_STANDARD = gnu11;
				GCC_NO_COMMON_BLOCKS = YES;
				GCC_WARN_64_TO_32_BIT_CONVERSION = YES;
				GCC_WARN_ABOUT_RETURN_TYPE = YES_ERROR;
				GCC_WARN_UNDECLARED_SELECTOR = YES;
				GCC_WARN_UNINITIALIZED_AUTOS = YES_AGGRESSIVE;
				GCC_WARN_UNUSED_FUNCTION = YES;
				GCC_WARN_UNUSED_VARIABLE = YES;
				MACOSX_DEPLOYMENT_TARGET = 13.3;
				MTL_ENABLE_DEBUG_INFO = NO;
				MTL_FAST_MATH = YES;
				SDKROOT = macosx;
				SWIFT_COMPILATION_MODE = wholemodule;
				SWIFT_OPTIMIZATION_LEVEL = "-O";
			};
			name = Release;
		};
		801092D02AA6A66800F38399 /* Debug */ = {
			isa = XCBuildConfiguration;
			buildSettings = {
				CLANG_USE_OPTIMIZATION_PROFILE = YES;
				CODE_SIGN_STYLE = Automatic;
				DEVELOPMENT_TEAM = 94FZ9GCMQW;
				ENABLE_HARDENED_RUNTIME = YES;
				PRODUCT_NAME = "$(TARGET_NAME)";
				SWIFT_VERSION = 5.0;
			};
			name = Debug;
		};
		801092D12AA6A66800F38399 /* Release */ = {
			isa = XCBuildConfiguration;
			buildSettings = {
				CLANG_USE_OPTIMIZATION_PROFILE = YES;
				CODE_SIGN_STYLE = Automatic;
				DEVELOPMENT_TEAM = 94FZ9GCMQW;
				ENABLE_HARDENED_RUNTIME = YES;
				PRODUCT_NAME = "$(TARGET_NAME)";
				SWIFT_VERSION = 5.0;
			};
			name = Release;
		};
		801092DD2AA6B44200F38399 /* Debug */ = {
			isa = XCBuildConfiguration;
			buildSettings = {
				CODE_SIGN_STYLE = Automatic;
				CURRENT_PROJECT_VERSION = 1;
				DEVELOPMENT_TEAM = 94FZ9GCMQW;
				GENERATE_INFOPLIST_FILE = YES;
				IPHONEOS_DEPLOYMENT_TARGET = 16.4;
				MACOSX_DEPLOYMENT_TARGET = 13.3;
				MARKETING_VERSION = 1.0;
				PRODUCT_BUNDLE_IDENTIFIER = "com.DKGA.chrome-tests";
				PRODUCT_NAME = "$(TARGET_NAME)";
				SDKROOT = auto;
				SUPPORTED_PLATFORMS = "iphoneos iphonesimulator macosx";
				SWIFT_EMIT_LOC_STRINGS = NO;
				SWIFT_VERSION = 5.0;
				TARGETED_DEVICE_FAMILY = "1,2";
			};
			name = Debug;
		};
		801092DE2AA6B44200F38399 /* Release */ = {
			isa = XCBuildConfiguration;
			buildSettings = {
				CODE_SIGN_STYLE = Automatic;
				CURRENT_PROJECT_VERSION = 1;
				DEVELOPMENT_TEAM = 94FZ9GCMQW;
				GENERATE_INFOPLIST_FILE = YES;
				IPHONEOS_DEPLOYMENT_TARGET = 16.4;
				MACOSX_DEPLOYMENT_TARGET = 13.3;
				MARKETING_VERSION = 1.0;
				PRODUCT_BUNDLE_IDENTIFIER = "com.DKGA.chrome-tests";
				PRODUCT_NAME = "$(TARGET_NAME)";
				SDKROOT = auto;
				SUPPORTED_PLATFORMS = "iphoneos iphonesimulator macosx";
				SWIFT_EMIT_LOC_STRINGS = NO;
				SWIFT_VERSION = 5.0;
				TARGETED_DEVICE_FAMILY = "1,2";
			};
			name = Release;
		};
/* End XCBuildConfiguration section */

/* Begin XCConfigurationList section */
		801092C32AA6A66800F38399 /* Build configuration list for PBXProject "polvilho" */ = {
			isa = XCConfigurationList;
			buildConfigurations = (
				801092CD2AA6A66800F38399 /* Debug */,
				801092CE2AA6A66800F38399 /* Release */,
			);
			defaultConfigurationIsVisible = 0;
			defaultConfigurationName = Release;
		};
		801092CF2AA6A66800F38399 /* Build configuration list for PBXNativeTarget "polvilho" */ = {
			isa = XCConfigurationList;
			buildConfigurations = (
				801092D02AA6A66800F38399 /* Debug */,
				801092D12AA6A66800F38399 /* Release */,
			);
			defaultConfigurationIsVisible = 0;
			defaultConfigurationName = Release;
		};
		801092DC2AA6B44200F38399 /* Build configuration list for PBXNativeTarget "chrome tests" */ = {
			isa = XCConfigurationList;
			buildConfigurations = (
				801092DD2AA6B44200F38399 /* Debug */,
				801092DE2AA6B44200F38399 /* Release */,
			);
			defaultConfigurationIsVisible = 0;
			defaultConfigurationName = Release;
		};
/* End XCConfigurationList section */

/* Begin XCRemoteSwiftPackageReference section */
		8048C40A2AA8463000DB03E8 /* XCRemoteSwiftPackageReference "swift-argument-parser" */ = {
			isa = XCRemoteSwiftPackageReference;
			repositoryURL = "https://github.com/apple/swift-argument-parser.git";
			requirement = {
				kind = upToNextMajorVersion;
				minimumVersion = 1.0.0;
			};
		};
/* End XCRemoteSwiftPackageReference section */

/* Begin XCSwiftPackageProductDependency section */
		8048C40B2AA8463000DB03E8 /* ArgumentParser */ = {
			isa = XCSwiftPackageProductDependency;
			package = 8048C40A2AA8463000DB03E8 /* XCRemoteSwiftPackageReference "swift-argument-parser" */;
			productName = ArgumentParser;
		};
		8048C40D2AA8463000DB03E8 /* generate-manual */ = {
			isa = XCSwiftPackageProductDependency;
			package = 8048C40A2AA8463000DB03E8 /* XCRemoteSwiftPackageReference "swift-argument-parser" */;
			productName = "generate-manual";
		};
/* End XCSwiftPackageProductDependency section */
	};
	rootObject = 801092C02AA6A66800F38399 /* Project object */;
}
